
Microsoft Visual Studio Solution File, Format Version 12.00
# Visual Studio Version 16
VisualStudioVersion = 16.0.31112.23
MinimumVisualStudioVersion = 10.0.40219.1
Project("{FAE04EC0-301F-11D3-BF4B-00C04F79EFBC}") = "CustomDeserializer", "CustomDeserializer\CustomDeserializer.csproj", "{725ABCA5-EDA2-4305-866B-5AE69C93C54D}"
EndProject
Global
	GlobalSection(SolutionConfigurationPlatforms) = preSolution
		Debug|Any CPU = Debug|Any CPU
		Release|Any CPU = Release|Any CPU
	EndGlobalSection
	GlobalSection(ProjectConfigurationPlatforms) = postSolution
		{725ABCA5-EDA2-4305-866B-5AE69C93C54D}.Debug|Any CPU.ActiveCfg = Debug|Any CPU
		{725ABCA5-EDA2-4305-866B-5AE69C93C54D}.Debug|Any CPU.Build.0 = Debug|Any CPU
		{725ABCA5-EDA2-4305-866B-5AE69C93C54D}.Release|Any CPU.ActiveCfg = Release|Any CPU
		{725ABCA5-EDA2-4305-866B-5AE69C93C54D}.Release|Any CPU.Build.0 = Release|Any CPU
	EndGlobalSection
	GlobalSection(SolutionProperties) = preSolution
		HideSolutionNode = FALSE
	EndGlobalSection
	GlobalSection(ExtensibilityGlobals) = postSolution
		SolutionGuid = {421CF6DB-8985-4B0F-BF17-E53B7F2F0312}
	EndGlobalSection
EndGlobal
